
Microsoft Visual Studio Solution File, Format Version 12.00
# Visual Studio Express 2012 for Web
Project("{FAE04EC0-301F-11D3-BF4B-00C04F79EFBC}") = "StackUsingLinkedList", "StackUsingLinkedList\StackUsingLinkedList.csproj", "{A577977F-0FE2-4FA1-809B-D1A87EB9FE5B}"
EndProject
Project("{FAE04EC0-301F-11D3-BF4B-00C04F79EFBC}") = "UnitTestStack", "UnitTestStack\UnitTestStack.csproj", "{49C55615-C25D-4E4A-ADC9-53EC6E3CB96C}"
EndProject
Global
	GlobalSection(SolutionConfigurationPlatforms) = preSolution
		Debug|Any CPU = Debug|Any CPU
		Release|Any CPU = Release|Any CPU
	EndGlobalSection
	GlobalSection(ProjectConfigurationPlatforms) = postSolution
		{A577977F-0FE2-4FA1-809B-D1A87EB9FE5B}.Debug|Any CPU.ActiveCfg = Debug|Any CPU
		{A577977F-0FE2-4FA1-809B-D1A87EB9FE5B}.Debug|Any CPU.Build.0 = Debug|Any CPU
		{A577977F-0FE2-4FA1-809B-D1A87EB9FE5B}.Release|Any CPU.ActiveCfg = Release|Any CPU
		{A577977F-0FE2-4FA1-809B-D1A87EB9FE5B}.Release|Any CPU.Build.0 = Release|Any CPU
		{49C55615-C25D-4E4A-ADC9-53EC6E3CB96C}.Debug|Any CPU.ActiveCfg = Debug|Any CPU
		{49C55615-C25D-4E4A-ADC9-53EC6E3CB96C}.Debug|Any CPU.Build.0 = Debug|Any CPU
		{49C55615-C25D-4E4A-ADC9-53EC6E3CB96C}.Release|Any CPU.ActiveCfg = Release|Any CPU
		{49C55615-C25D-4E4A-ADC9-53EC6E3CB96C}.Release|Any CPU.Build.0 = Release|Any CPU
	EndGlobalSection
	GlobalSection(SolutionProperties) = preSolution
		HideSolutionNode = FALSE
	EndGlobalSection
EndGlobal
